// !$*UTF8*$!
{
	archiveVersion = 1;
	classes = {
	};
	objectVersion = 52;
	objects = {

/* Begin PBXBuildFile section */
		904F1B4725B348FD00A331CE /* AppDelegate.swift in Sources */ = {isa = PBXBuildFile; fileRef = 904F1B4625B348FD00A331CE /* AppDelegate.swift */; };
		904F1B4925B348FD00A331CE /* art.scnassets in Resources */ = {isa = PBXBuildFile; fileRef = 904F1B4825B348FD00A331CE /* art.scnassets */; };
		904F1B4B25B348FD00A331CE /* ViewController.swift in Sources */ = {isa = PBXBuildFile; fileRef = 904F1B4A25B348FD00A331CE /* ViewController.swift */; };
		904F1B4E25B348FD00A331CE /* Main.storyboard in Resources */ = {isa = PBXBuildFile; fileRef = 904F1B4C25B348FD00A331CE /* Main.storyboard */; };
		904F1B5325B3490000A331CE /* LaunchScreen.storyboard in Resources */ = {isa = PBXBuildFile; fileRef = 904F1B5125B3490000A331CE /* LaunchScreen.storyboard */; };
		906226E325B3A75E00CDE551 /* ScannerViewController.swift in Sources */ = {isa = PBXBuildFile; fileRef = 906226E225B3A75E00CDE551 /* ScannerViewController.swift */; };
		908BC2B025B3832C000C0491 /* DashboardViewController.swift in Sources */ = {isa = PBXBuildFile; fileRef = 908BC2AF25B3832C000C0491 /* DashboardViewController.swift */; };
		908BC2B425B386CE000C0491 /* Assets.xcassets in Resources */ = {isa = PBXBuildFile; fileRef = 908BC2B325B386CE000C0491 /* Assets.xcassets */; };
		908BC2BD25B39C93000C0491 /* CalendarViewController.swift in Sources */ = {isa = PBXBuildFile; fileRef = 908BC2BC25B39C93000C0491 /* CalendarViewController.swift */; };
		908BC2C225B39E7E000C0491 /* CalendarKit in Frameworks */ = {isa = PBXBuildFile; productRef = 908BC2C125B39E7E000C0491 /* CalendarKit */; };
/* End PBXBuildFile section */

/* Begin PBXFileReference section */
		904F1B4325B348FD00A331CE /* htn-library.app */ = {isa = PBXFileReference; explicitFileType = wrapper.application; includeInIndex = 0; path = "htn-library.app"; sourceTree = BUILT_PRODUCTS_DIR; };
		904F1B4625B348FD00A331CE /* AppDelegate.swift */ = {isa = PBXFileReference; lastKnownFileType = sourcecode.swift; path = AppDelegate.swift; sourceTree = "<group>"; };
		904F1B4825B348FD00A331CE /* art.scnassets */ = {isa = PBXFileReference; lastKnownFileType = wrapper.scnassets; path = art.scnassets; sourceTree = "<group>"; };
		904F1B4A25B348FD00A331CE /* ViewController.swift */ = {isa = PBXFileReference; lastKnownFileType = sourcecode.swift; path = ViewController.swift; sourceTree = "<group>"; };
		904F1B4D25B348FD00A331CE /* Base */ = {isa = PBXFileReference; lastKnownFileType = file.storyboard; name = Base; path = Base.lproj/Main.storyboard; sourceTree = "<group>"; };
		904F1B5225B3490000A331CE /* Base */ = {isa = PBXFileReference; lastKnownFileType = file.storyboard; name = Base; path = Base.lproj/LaunchScreen.storyboard; sourceTree = "<group>"; };
		904F1B5425B3490000A331CE /* Info.plist */ = {isa = PBXFileReference; lastKnownFileType = text.plist.xml; path = Info.plist; sourceTree = "<group>"; };
		906226E225B3A75E00CDE551 /* ScannerViewController.swift */ = {isa = PBXFileReference; lastKnownFileType = sourcecode.swift; path = ScannerViewController.swift; sourceTree = "<group>"; };
		908BC2AF25B3832C000C0491 /* DashboardViewController.swift */ = {isa = PBXFileReference; lastKnownFileType = sourcecode.swift; path = DashboardViewController.swift; sourceTree = "<group>"; };
		908BC2B325B386CE000C0491 /* Assets.xcassets */ = {isa = PBXFileReference; lastKnownFileType = folder.assetcatalog; path = Assets.xcassets; sourceTree = "<group>"; };
		908BC2BC25B39C93000C0491 /* CalendarViewController.swift */ = {isa = PBXFileReference; lastKnownFileType = sourcecode.swift; path = CalendarViewController.swift; sourceTree = "<group>"; };
/* End PBXFileReference section */

/* Begin PBXFrameworksBuildPhase section */
		904F1B4025B348FD00A331CE /* Frameworks */ = {
			isa = PBXFrameworksBuildPhase;
			buildActionMask = 2147483647;
			files = (
				908BC2C225B39E7E000C0491 /* CalendarKit in Frameworks */,
			);
			runOnlyForDeploymentPostprocessing = 0;
		};
/* End PBXFrameworksBuildPhase section */

/* Begin PBXGroup section */
		904F1B3A25B348FD00A331CE = {
			isa = PBXGroup;
			children = (
				904F1B4525B348FD00A331CE /* htn-library */,
				904F1B4425B348FD00A331CE /* Products */,
			);
			sourceTree = "<group>";
		};
		904F1B4425B348FD00A331CE /* Products */ = {
			isa = PBXGroup;
			children = (
				904F1B4325B348FD00A331CE /* htn-library.app */,
			);
			name = Products;
			sourceTree = "<group>";
		};
		904F1B4525B348FD00A331CE /* htn-library */ = {
			isa = PBXGroup;
			children = (
				904F1B4625B348FD00A331CE /* AppDelegate.swift */,
				904F1B4825B348FD00A331CE /* art.scnassets */,
				904F1B4A25B348FD00A331CE /* ViewController.swift */,
				904F1B4C25B348FD00A331CE /* Main.storyboard */,
				908BC2B325B386CE000C0491 /* Assets.xcassets */,
				904F1B5125B3490000A331CE /* LaunchScreen.storyboard */,
				904F1B5425B3490000A331CE /* Info.plist */,
				908BC2AF25B3832C000C0491 /* DashboardViewController.swift */,
				908BC2BC25B39C93000C0491 /* CalendarViewController.swift */,
				906226E225B3A75E00CDE551 /* ScannerViewController.swift */,
			);
			path = "htn-library";
			sourceTree = "<group>";
		};
/* End PBXGroup section */

/* Begin PBXNativeTarget section */
		904F1B4225B348FD00A331CE /* htn-library */ = {
			isa = PBXNativeTarget;
			buildConfigurationList = 904F1B5725B3490000A331CE /* Build configuration list for PBXNativeTarget "htn-library" */;
			buildPhases = (
				904F1B3F25B348FD00A331CE /* Sources */,
				904F1B4025B348FD00A331CE /* Frameworks */,
				904F1B4125B348FD00A331CE /* Resources */,
			);
			buildRules = (
			);
			dependencies = (
			);
			name = "htn-library";
			packageProductDependencies = (
				908BC2C125B39E7E000C0491 /* CalendarKit */,
			);
			productName = "htn-library";
			productReference = 904F1B4325B348FD00A331CE /* htn-library.app */;
			productType = "com.apple.product-type.application";
		};
/* End PBXNativeTarget section */

/* Begin PBXProject section */
		904F1B3B25B348FD00A331CE /* Project object */ = {
			isa = PBXProject;
			attributes = {
				LastSwiftUpdateCheck = 1230;
				LastUpgradeCheck = 1230;
				TargetAttributes = {
					904F1B4225B348FD00A331CE = {
						CreatedOnToolsVersion = 12.3;
					};
				};
			};
			buildConfigurationList = 904F1B3E25B348FD00A331CE /* Build configuration list for PBXProject "htn-library" */;
			compatibilityVersion = "Xcode 9.3";
			developmentRegion = en;
			hasScannedForEncodings = 0;
			knownRegions = (
				en,
				Base,
			);
			mainGroup = 904F1B3A25B348FD00A331CE;
			packageReferences = (
				908BC2C025B39E7E000C0491 /* XCRemoteSwiftPackageReference "CalendarKit" */,
			);
			productRefGroup = 904F1B4425B348FD00A331CE /* Products */;
			projectDirPath = "";
			projectRoot = "";
			targets = (
				904F1B4225B348FD00A331CE /* htn-library */,
			);
		};
/* End PBXProject section */

/* Begin PBXResourcesBuildPhase section */
		904F1B4125B348FD00A331CE /* Resources */ = {
			isa = PBXResourcesBuildPhase;
			buildActionMask = 2147483647;
			files = (
				904F1B4925B348FD00A331CE /* art.scnassets in Resources */,
				904F1B5325B3490000A331CE /* LaunchScreen.storyboard in Resources */,
				908BC2B425B386CE000C0491 /* Assets.xcassets in Resources */,
				904F1B4E25B348FD00A331CE /* Main.storyboard in Resources */,
			);
			runOnlyForDeploymentPostprocessing = 0;
		};
/* End PBXResourcesBuildPhase section */

/* Begin PBXSourcesBuildPhase section */
		904F1B3F25B348FD00A331CE /* Sources */ = {
			isa = PBXSourcesBuildPhase;
			buildActionMask = 2147483647;
			files = (
				908BC2BD25B39C93000C0491 /* CalendarViewController.swift in Sources */,
				904F1B4B25B348FD00A331CE /* ViewController.swift in Sources */,
				908BC2B025B3832C000C0491 /* DashboardViewController.swift in Sources */,
				906226E325B3A75E00CDE551 /* ScannerViewController.swift in Sources */,
				904F1B4725B348FD00A331CE /* AppDelegate.swift in Sources */,
			);
			runOnlyForDeploymentPostprocessing = 0;
		};
/* End PBXSourcesBuildPhase section */

/* Begin PBXVariantGroup section */
		904F1B4C25B348FD00A331CE /* Main.storyboard */ = {
			isa = PBXVariantGroup;
			children = (
				904F1B4D25B348FD00A331CE /* Base */,
			);
			name = Main.storyboard;
			sourceTree = "<group>";
		};
		904F1B5125B3490000A331CE /* LaunchScreen.storyboard */ = {
			isa = PBXVariantGroup;
			children = (
				904F1B5225B3490000A331CE /* Base */,
			);
			name = LaunchScreen.storyboard;
			sourceTree = "<group>";
		};
/* End PBXVariantGroup section */

/* Begin XCBuildConfiguration section */
		904F1B5525B3490000A331CE /* Debug */ = {
			isa = XCBuildConfiguration;
			buildSettings = {
				ALWAYS_SEARCH_USER_PATHS = NO;
				CLANG_ANALYZER_NONNULL = YES;
				CLANG_ANALYZER_NUMBER_OBJECT_CONVERSION = YES_AGGRESSIVE;
				CLANG_CXX_LANGUAGE_STANDARD = "gnu++14";
				CLANG_CXX_LIBRARY = "libc++";
				CLANG_ENABLE_MODULES = YES;
				CLANG_ENABLE_OBJC_ARC = YES;
				CLANG_ENABLE_OBJC_WEAK = YES;
				CLANG_WARN_BLOCK_CAPTURE_AUTORELEASING = YES;
				CLANG_WARN_BOOL_CONVERSION = YES;
				CLANG_WARN_COMMA = YES;
				CLANG_WARN_CONSTANT_CONVERSION = YES;
				CLANG_WARN_DEPRECATED_OBJC_IMPLEMENTATIONS = YES;
				CLANG_WARN_DIRECT_OBJC_ISA_USAGE = YES_ERROR;
				CLANG_WARN_DOCUMENTATION_COMMENTS = YES;
				CLANG_WARN_EMPTY_BODY = YES;
				CLANG_WARN_ENUM_CONVERSION = YES;
				CLANG_WARN_INFINITE_RECURSION = YES;
				CLANG_WARN_INT_CONVERSION = YES;
				CLANG_WARN_NON_LITERAL_NULL_CONVERSION = YES;
				CLANG_WARN_OBJC_IMPLICIT_RETAIN_SELF = YES;
				CLANG_WARN_OBJC_LITERAL_CONVERSION = YES;
				CLANG_WARN_OBJC_ROOT_CLASS = YES_ERROR;
				CLANG_WARN_QUOTED_INCLUDE_IN_FRAMEWORK_HEADER = YES;
				CLANG_WARN_RANGE_LOOP_ANALYSIS = YES;
				CLANG_WARN_STRICT_PROTOTYPES = YES;
				CLANG_WARN_SUSPICIOUS_MOVE = YES;
				CLANG_WARN_UNGUARDED_AVAILABILITY = YES_AGGRESSIVE;
				CLANG_WARN_UNREACHABLE_CODE = YES;
				CLANG_WARN__DUPLICATE_METHOD_MATCH = YES;
				COPY_PHASE_STRIP = NO;
				DEBUG_INFORMATION_FORMAT = dwarf;
				ENABLE_STRICT_OBJC_MSGSEND = YES;
				ENABLE_TESTABILITY = YES;
				GCC_C_LANGUAGE_STANDARD = gnu11;
				GCC_DYNAMIC_NO_PIC = NO;
				GCC_NO_COMMON_BLOCKS = YES;
				GCC_OPTIMIZATION_LEVEL = 0;
				GCC_PREPROCESSOR_DEFINITIONS = (
					"DEBUG=1",
					"$(inherited)",
				);
				GCC_WARN_64_TO_32_BIT_CONVERSION = YES;
				GCC_WARN_ABOUT_RETURN_TYPE = YES_ERROR;
				GCC_WARN_UNDECLARED_SELECTOR = YES;
				GCC_WARN_UNINITIALIZED_AUTOS = YES_AGGRESSIVE;
				GCC_WARN_UNUSED_FUNCTION = YES;
				GCC_WARN_UNUSED_VARIABLE = YES;
				IPHONEOS_DEPLOYMENT_TARGET = 14.3;
				MTL_ENABLE_DEBUG_INFO = INCLUDE_SOURCE;
				MTL_FAST_MATH = YES;
				ONLY_ACTIVE_ARCH = YES;
				SDKROOT = iphoneos;
				SWIFT_ACTIVE_COMPILATION_CONDITIONS = DEBUG;
				SWIFT_OPTIMIZATION_LEVEL = "-Onone";
			};
			name = Debug;
		};
		904F1B5625B3490000A331CE /* Release */ = {
			isa = XCBuildConfiguration;
			buildSettings = {
				ALWAYS_SEARCH_USER_PATHS = NO;
				CLANG_ANALYZER_NONNULL = YES;
				CLANG_ANALYZER_NUMBER_OBJECT_CONVERSION = YES_AGGRESSIVE;
				CLANG_CXX_LANGUAGE_STANDARD = "gnu++14";
				CLANG_CXX_LIBRARY = "libc++";
				CLANG_ENABLE_MODULES = YES;
				CLANG_ENABLE_OBJC_ARC = YES;
				CLANG_ENABLE_OBJC_WEAK = YES;
				CLANG_WARN_BLOCK_CAPTURE_AUTORELEASING = YES;
				CLANG_WARN_BOOL_CONVERSION = YES;
				CLANG_WARN_COMMA = YES;
				CLANG_WARN_CONSTANT_CONVERSION = YES;
				CLANG_WARN_DEPRECATED_OBJC_IMPLEMENTATIONS = YES;
				CLANG_WARN_DIRECT_OBJC_ISA_USAGE = YES_ERROR;
				CLANG_WARN_DOCUMENTATION_COMMENTS = YES;
				CLANG_WARN_EMPTY_BODY = YES;
				CLANG_WARN_ENUM_CONVERSION = YES;
				CLANG_WARN_INFINITE_RECURSION = YES;
				CLANG_WARN_INT_CONVERSION = YES;
				CLANG_WARN_NON_LITERAL_NULL_CONVERSION = YES;
				CLANG_WARN_OBJC_IMPLICIT_RETAIN_SELF = YES;
				CLANG_WARN_OBJC_LITERAL_CONVERSION = YES;
				CLANG_WARN_OBJC_ROOT_CLASS = YES_ERROR;
				CLANG_WARN_QUOTED_INCLUDE_IN_FRAMEWORK_HEADER = YES;
				CLANG_WARN_RANGE_LOOP_ANALYSIS = YES;
				CLANG_WARN_STRICT_PROTOTYPES = YES;
				CLANG_WARN_SUSPICIOUS_MOVE = YES;
				CLANG_WARN_UNGUARDED_AVAILABILITY = YES_AGGRESSIVE;
				CLANG_WARN_UNREACHABLE_CODE = YES;
				CLANG_WARN__DUPLICATE_METHOD_MATCH = YES;
				COPY_PHASE_STRIP = NO;
				DEBUG_INFORMATION_FORMAT = "dwarf-with-dsym";
				ENABLE_NS_ASSERTIONS = NO;
				ENABLE_STRICT_OBJC_MSGSEND = YES;
				GCC_C_LANGUAGE_STANDARD = gnu11;
				GCC_NO_COMMON_BLOCKS = YES;
				GCC_WARN_64_TO_32_BIT_CONVERSION = YES;
				GCC_WARN_ABOUT_RETURN_TYPE = YES_ERROR;
				GCC_WARN_UNDECLARED_SELECTOR = YES;
				GCC_WARN_UNINITIALIZED_AUTOS = YES_AGGRESSIVE;
				GCC_WARN_UNUSED_FUNCTION = YES;
				GCC_WARN_UNUSED_VARIABLE = YES;
				IPHONEOS_DEPLOYMENT_TARGET = 14.3;
				MTL_ENABLE_DEBUG_INFO = NO;
				MTL_FAST_MATH = YES;
				SDKROOT = iphoneos;
				SWIFT_COMPILATION_MODE = wholemodule;
				SWIFT_OPTIMIZATION_LEVEL = "-O";
				VALIDATE_PRODUCT = YES;
			};
			name = Release;
		};
		904F1B5825B3490000A331CE /* Debug */ = {
			isa = XCBuildConfiguration;
			buildSettings = {
				ASSETCATALOG_COMPILER_APPICON_NAME = AppIcon;
				ASSETCATALOG_COMPILER_GLOBAL_ACCENT_COLOR_NAME = AccentColor;
				CODE_SIGN_STYLE = Automatic;
				DEVELOPMENT_TEAM = J7UFQZ8QYK;
				INFOPLIST_FILE = "htn-library/Info.plist";
				LD_RUNPATH_SEARCH_PATHS = (
					"$(inherited)",
					"@executable_path/Frameworks",
				);
				PRODUCT_BUNDLE_IDENTIFIER = "com.rebeccama.htn-library";
				PRODUCT_NAME = "$(TARGET_NAME)";
				SWIFT_VERSION = 5.0;
				TARGETED_DEVICE_FAMILY = "1,2";
			};
			name = Debug;
		};
		904F1B5925B3490000A331CE /* Release */ = {
			isa = XCBuildConfiguration;
			buildSettings = {
				ASSETCATALOG_COMPILER_APPICON_NAME = AppIcon;
				ASSETCATALOG_COMPILER_GLOBAL_ACCENT_COLOR_NAME = AccentColor;
				CODE_SIGN_STYLE = Automatic;
				DEVELOPMENT_TEAM = J7UFQZ8QYK;
				INFOPLIST_FILE = "htn-library/Info.plist";
				LD_RUNPATH_SEARCH_PATHS = (
					"$(inherited)",
					"@executable_path/Frameworks",
				);
				PRODUCT_BUNDLE_IDENTIFIER = "com.rebeccama.htn-library";
				PRODUCT_NAME = "$(TARGET_NAME)";
				SWIFT_VERSION = 5.0;
				TARGETED_DEVICE_FAMILY = "1,2";
			};
			name = Release;
		};
/* End XCBuildConfiguration section */

/* Begin XCConfigurationList section */
		904F1B3E25B348FD00A331CE /* Build configuration list for PBXProject "htn-library" */ = {
			isa = XCConfigurationList;
			buildConfigurations = (
				904F1B5525B3490000A331CE /* Debug */,
				904F1B5625B3490000A331CE /* Release */,
			);
			defaultConfigurationIsVisible = 0;
			defaultConfigurationName = Release;
		};
		904F1B5725B3490000A331CE /* Build configuration list for PBXNativeTarget "htn-library" */ = {
			isa = XCConfigurationList;
			buildConfigurations = (
				904F1B5825B3490000A331CE /* Debug */,
				904F1B5925B3490000A331CE /* Release */,
			);
			defaultConfigurationIsVisible = 0;
			defaultConfigurationName = Release;
		};
/* End XCConfigurationList section */

/* Begin XCRemoteSwiftPackageReference section */
		908BC2C025B39E7E000C0491 /* XCRemoteSwiftPackageReference "CalendarKit" */ = {
			isa = XCRemoteSwiftPackageReference;
			repositoryURL = "https://github.com/richardtop/CalendarKit.git";
			requirement = {
				branch = master;
				kind = branch;
			};
		};
/* End XCRemoteSwiftPackageReference section */

/* Begin XCSwiftPackageProductDependency section */
		908BC2C125B39E7E000C0491 /* CalendarKit */ = {
			isa = XCSwiftPackageProductDependency;
			package = 908BC2C025B39E7E000C0491 /* XCRemoteSwiftPackageReference "CalendarKit" */;
			productName = CalendarKit;
		};
/* End XCSwiftPackageProductDependency section */
	};
	rootObject = 904F1B3B25B348FD00A331CE /* Project object */;
}
